{
  "name": "RAG",
  "lockfileVersion": 3,
  "requires": true,
  "packages": {
    "": {
      "dependencies": {
        "chromadb": "^3.0.17"
      }
    },
    "node_modules/chromadb": {
      "version": "3.0.17",
      "resolved": "https://registry.npmjs.org/chromadb/-/chromadb-3.0.17.tgz",
      "integrity": "sha512-QDruPC+SawO2OECPK0vs+tGB+Rl+I3BO+R7AVKCC1O4SJUtEUgHpM/u+c/PrlaIgA4n9zoE/5ryZ/XKU8HPR4w==",
      "license": "Apache-2.0",
      "dependencies": {
        "semver": "^7.7.1"
      },
      "bin": {
        "chroma": "dist/cli.mjs"
      },
      "engines": {
        "node": ">=20"
      },
      "optionalDependencies": {
        "chromadb-js-bindings-darwin-arm64": "^1.0.8",
        "chromadb-js-bindings-darwin-x64": "^1.0.8",
        "chromadb-js-bindings-linux-arm64-gnu": "^1.0.8",
        "chromadb-js-bindings-linux-x64-gnu": "^1.0.8",
        "chromadb-js-bindings-win32-x64-msvc": "^1.0.8"
      }
    },
    "node_modules/chromadb-js-bindings-darwin-arm64": {
      "version": "1.0.8",
      "resolved": "https://registry.npmjs.org/chromadb-js-bindings-darwin-arm64/-/chromadb-js-bindings-darwin-arm64-1.0.8.tgz",
      "integrity": "sha512-QPKG6Q76y0kEsSueZB1s6M/bk0OUGjojG4LQIa5T2zUgHHKplWRpQCUk1ziMTYzUt2AP9MynBYvh8/BoLefZAg==",
      "cpu": [
        "arm64"
      ],
      "license": "MIT",
      "optional": true,
      "os": [
        "darwin"
      ],
      "engines": {
        "node": ">= 10"
      }
    },
    "node_modules/chromadb-js-bindings-darwin-x64": {
      "version": "1.0.8",
      "resolved": "https://registry.npmjs.org/chromadb-js-bindings-darwin-x64/-/chromadb-js-bindings-darwin-x64-1.0.8.tgz",
      "integrity": "sha512-yBdnL7MUbR8sm4JkLYtvHuCT3Bb12xn+c0UAefJUVhn8qvud7nLAAfOKY8b911NpfpYAOPABqm8PUXhZMAD8fg==",
      "cpu": [
        "x64"
      ],
      "license": "MIT",
      "optional": true,
      "os": [
        "darwin"
      ],
      "engines": {
        "node": ">= 10"
      }
    },
    "node_modules/chromadb-js-bindings-linux-arm64-gnu": {
      "version": "1.0.8",
      "resolved": "https://registry.npmjs.org/chromadb-js-bindings-linux-arm64-gnu/-/chromadb-js-bindings-linux-arm64-gnu-1.0.8.tgz",
      "integrity": "sha512-KYPeETSAGAcGSQVur5OEe0svmEmrStwXJfNOBNPwclCnKmLs8QKlMh2Jxwq6ymWjWfZggNIy8NYpgBnMcWqOtA==",
      "cpu": [
        "arm64"
      ],
      "license": "MIT",
      "optional": true,
      "os": [
        "linux"
      ],
      "engines": {
        "node": ">= 10"
      }
    },
    "node_modules/chromadb-js-bindings-linux-x64-gnu": {
      "version": "1.0.8",
      "resolved": "https://registry.npmjs.org/chromadb-js-bindings-linux-x64-gnu/-/chromadb-js-bindings-linux-x64-gnu-1.0.8.tgz",
      "integrity": "sha512-XPNB64rulyR/qpw/VXeKETvCWtTMOBAV2mCRdRD8XGIWEcgUaYnVnCeWep2r1G2UT6B9yJxSmDIgsOxKWzNKVA==",
      "cpu": [
        "x64"
      ],
      "license": "MIT",
      "optional": true,
      "os": [
        "linux"
      ],
      "engines": {
        "node": ">= 10"
      }
    },
    "node_modules/chromadb-js-bindings-win32-x64-msvc": {
      "version": "1.0.8",
      "resolved": "https://registry.npmjs.org/chromadb-js-bindings-win32-x64-msvc/-/chromadb-js-bindings-win32-x64-msvc-1.0.8.tgz",
      "integrity": "sha512-8m/YYe0AQos+pEU171+wefNtOLw7YZjhhEzruqz7O34SPU48oRM9+T2CefKWBkFTBcYPQGpTOorclq0nFteCvQ==",
      "cpu": [
        "x64"
      ],
      "license": "MIT",
      "optional": true,
      "os": [
        "win32"
      ],
      "engines": {
        "node": ">= 10"
      }
    },
    "node_modules/semver": {
      "version": "7.7.3",
      "resolved": "https://registry.npmjs.org/semver/-/semver-7.7.3.tgz",
      "integrity": "sha512-SdsKMrI9TdgjdweUSR9MweHA4EJ8YxHn8DFaDisvhVlUOe4BF1tLD7GAj0lIqWVl+dPb/rExr0Btby5loQm20Q==",
      "license": "ISC",
      "bin": {
        "semver": "bin/semver.js"
      },
      "engines": {
        "node": ">=10"
      }
    }
  }
}
